
Microsoft Visual Studio Solution File, Format Version 12.00
# Visual Studio Version 17
VisualStudioVersion = 17.13.35919.96 d17.13
MinimumVisualStudioVersion = 10.0.40219.1
Project("{FAE04EC0-301F-11D3-BF4B-00C04F79EFBC}") = "VenkateshQuickCommerceAPI", "VenkateshQuickCommerceAPI.csproj", "{9E2F8D49-C6DC-497E-9C6D-C9B52655EE70}"
EndProject
Global
	GlobalSection(SolutionConfigurationPlatforms) = preSolution
		Debug|Any CPU = Debug|Any CPU
		Release|Any CPU = Release|Any CPU
	EndGlobalSection
	GlobalSection(ProjectConfigurationPlatforms) = postSolution
		{9E2F8D49-C6DC-497E-9C6D-C9B52655EE70}.Debug|Any CPU.ActiveCfg = Debug|Any CPU
		{9E2F8D49-C6DC-497E-9C6D-C9B52655EE70}.Debug|Any CPU.Build.0 = Debug|Any CPU
		{9E2F8D49-C6DC-497E-9C6D-C9B52655EE70}.Release|Any CPU.ActiveCfg = Release|Any CPU
		{9E2F8D49-C6DC-497E-9C6D-C9B52655EE70}.Release|Any CPU.Build.0 = Release|Any CPU
	EndGlobalSection
	GlobalSection(SolutionProperties) = preSolution
		HideSolutionNode = FALSE
	EndGlobalSection
	GlobalSection(ExtensibilityGlobals) = postSolution
		SolutionGuid = {1EF0F7C4-541D-4A7D-83F5-91E5FE54D1F4}
	EndGlobalSection
EndGlobal
